{
    "name": "wotlk",
    "version": "0.1.0",
    "lockfileVersion": 1,
    "requires": true,
    "dependencies": {
        "@jridgewell/gen-mapping": {
            "version": "0.3.2",
            "resolved": "https://registry.npmjs.org/@jridgewell/gen-mapping/-/gen-mapping-0.3.2.tgz",
            "integrity": "sha512-mh65xKQAzI6iBcFzwv28KVWSmCkdRBWoOh+bYQGW3+6OZvbbN3TqMGo5hqYxQniRcH9F2VZIoJCm4pa3BPDK/A==",
            "dev": true,
            "requires": {
                "@jridgewell/set-array": "^1.0.1",
                "@jridgewell/sourcemap-codec": "^1.4.10",
                "@jridgewell/trace-mapping": "^0.3.9"
            }
        },
        "@jridgewell/resolve-uri": {
            "version": "3.1.0",
            "resolved": "https://registry.npmjs.org/@jridgewell/resolve-uri/-/resolve-uri-3.1.0.tgz",
            "integrity": "sha512-F2msla3tad+Mfht5cJq7LSXcdudKTWCVYUgw6pLFOOHSTtZlj6SWNYAp+AhuqLmWdBO2X5hPrLcu8cVP8fy28w==",
            "dev": true
        },
        "@jridgewell/set-array": {
            "version": "1.1.2",
            "resolved": "https://registry.npmjs.org/@jridgewell/set-array/-/set-array-1.1.2.tgz",
            "integrity": "sha512-xnkseuNADM0gt2bs+BvhO0p78Mk762YnZdsuzFV018NoG1Sj1SCQvpSqa7XUaTam5vAGasABV9qXASMKnFMwMw==",
            "dev": true
        },
        "@jridgewell/source-map": {
            "version": "0.3.2",
            "resolved": "https://registry.npmjs.org/@jridgewell/source-map/-/source-map-0.3.2.tgz",
            "integrity": "sha512-m7O9o2uR8k2ObDysZYzdfhb08VuEml5oWGiosa1VdaPZ/A6QyPkAJuwN0Q1lhULOf6B7MtQmHENS743hWtCrgw==",
            "dev": true,
            "requires": {
                "@jridgewell/gen-mapping": "^0.3.0",
                "@jridgewell/trace-mapping": "^0.3.9"
            }
        },
        "@jridgewell/sourcemap-codec": {
            "version": "1.4.14",
            "resolved": "https://registry.npmjs.org/@jridgewell/sourcemap-codec/-/sourcemap-codec-1.4.14.tgz",
            "integrity": "sha512-XPSJHWmi394fuUuzDnGz1wiKqWfo1yXecHQMRf2l6hztTO+nPru658AyDngaBe7isIxEkRsPR3FZh+s7iVa4Uw==",
            "dev": true
        },
        "@jridgewell/trace-mapping": {
            "version": "0.3.14",
            "resolved": "https://registry.npmjs.org/@jridgewell/trace-mapping/-/trace-mapping-0.3.14.tgz",
            "integrity": "sha512-bJWEfQ9lPTvm3SneWwRFVLzrh6nhjwqw7TUFFBEMzwvg7t7PCDenf2lDwqo4NQXzdpgBXyFgDWnQA+2vkruksQ==",
            "dev": true,
            "requires": {
                "@jridgewell/resolve-uri": "^3.0.3",
                "@jridgewell/sourcemap-codec": "^1.4.10"
            }
        },
        "@protobuf-ts/plugin": {
            "version": "2.0.4",
            "resolved": "https://registry.npmjs.org/@protobuf-ts/plugin/-/plugin-2.0.4.tgz",
            "integrity": "sha512-01LGLAy7HjJBXRO8MOWVfYSG4BQb7AJUZrhKB/rUKebR6w8ZcdOm/MSXi9WB9UK6mRzTx6sHhG87dgzzoKOAgg==",
            "requires": {
                "@protobuf-ts/plugin-framework": "^2.0.4",
                "@protobuf-ts/protoc": "^2.0.4",
                "@protobuf-ts/runtime": "^2.0.4",
                "@protobuf-ts/runtime-rpc": "^2.0.4",
                "typescript": "^3.9"
            },
            "dependencies": {
                "typescript": {
                    "version": "3.9.10",
                    "resolved": "https://registry.npmjs.org/typescript/-/typescript-3.9.10.tgz",
                    "integrity": "sha512-w6fIxVE/H1PkLKcCPsFqKE7Kv7QUwhU8qQY2MueZXWx5cPZdwFupLgKK3vntcK98BtNHZtAF4LA/yl2a7k8R6Q=="
                }
            }
        },
        "@protobuf-ts/plugin-framework": {
            "version": "2.0.4",
            "resolved": "https://registry.npmjs.org/@protobuf-ts/plugin-framework/-/plugin-framework-2.0.4.tgz",
            "integrity": "sha512-MGv1oGe9Fy0UbTrYczr+vB2Lzb4UZsrZ2LFV63G24l1fIb6MCuMphA0/ZE0FCtJJYmg/JyZyVuR1TsYw7O8KIA==",
            "requires": {
                "@protobuf-ts/runtime": "^2.0.4",
                "typescript": "^3.9"
            },
            "dependencies": {
                "typescript": {
                    "version": "3.9.10",
                    "resolved": "https://registry.npmjs.org/typescript/-/typescript-3.9.10.tgz",
                    "integrity": "sha512-w6fIxVE/H1PkLKcCPsFqKE7Kv7QUwhU8qQY2MueZXWx5cPZdwFupLgKK3vntcK98BtNHZtAF4LA/yl2a7k8R6Q=="
                }
            }
        },
        "@protobuf-ts/protoc": {
            "version": "2.0.4",
            "resolved": "https://registry.npmjs.org/@protobuf-ts/protoc/-/protoc-2.0.4.tgz",
            "integrity": "sha512-fg85kg7kyEUzrdxDy2nqp9KMvleHjT19l/DxD6XmJq2jwf6Cfh+nyPZ1NL1t3onPuhBeCPVPp27Bcv/xxQRMdg=="
        },
        "@protobuf-ts/runtime": {
            "version": "2.0.4",
            "resolved": "https://registry.npmjs.org/@protobuf-ts/runtime/-/runtime-2.0.4.tgz",
            "integrity": "sha512-2N7LJJisWImt+J6EW4ih75TumYhztDtPKE8gqvjwFluD/Oz4NmY6g6GaD5HA4WxXUBGY4rXsLycTjYFVzHlnuQ=="
        },
        "@protobuf-ts/runtime-rpc": {
            "version": "2.0.4",
            "resolved": "https://registry.npmjs.org/@protobuf-ts/runtime-rpc/-/runtime-rpc-2.0.4.tgz",
            "integrity": "sha512-LP45kvtWFaNJwHVl481j5dC/dTNcPDTJYdaZJUgs7DlxnoZ9PKMN81dLFyU6bVRCt3IIfyiep0sInwdEeUO2ZA==",
            "requires": {
                "@protobuf-ts/runtime": "^2.0.4"
            }
        },
        "@types/node": {
            "version": "18.6.1",
            "resolved": "https://registry.npmjs.org/@types/node/-/node-18.6.1.tgz",
            "integrity": "sha512-z+2vB6yDt1fNwKOeGbckpmirO+VBDuQqecXkgeIqDlaOtmKn6hPR/viQ8cxCfqLU4fTlvM3+YjM367TukWdxpg==",
            "dev": true
        },
        "acorn": {
            "version": "8.8.0",
            "resolved": "https://registry.npmjs.org/acorn/-/acorn-8.8.0.tgz",
            "integrity": "sha512-QOxyigPVrpZ2GXT+PFyZTl6TtOFc5egxHIP9IlQ+RbupQuX4RkT/Bee4/kQuC02Xkzg84JcT7oLYtDIQxp+v7w==",
            "dev": true
        },
        "anymatch": {
            "version": "3.1.2",
            "resolved": "https://registry.npmjs.org/anymatch/-/anymatch-3.1.2.tgz",
            "integrity": "sha512-P43ePfOAIupkguHUycrc4qJ9kz8ZiuOUijaETwX7THt0Y/GNK7v0aa8rY816xWjZ7rJdA5XdMcpVFTKMq+RvWg==",
            "requires": {
                "normalize-path": "^3.0.0",
                "picomatch": "^2.0.4"
            }
        },
        "async": {
            "version": "2.6.4",
            "resolved": "https://registry.npmjs.org/async/-/async-2.6.4.tgz",
            "integrity": "sha512-mzo5dfJYwAn29PeiJ0zvwTo04zj8HDJj0Mn8TD7sno7q12prdbnasKJHhkm2c1LgrhlJ0teaea8860oxi51mGA==",
            "requires": {
                "lodash": "^4.17.14"
            }
        },
        "balanced-match": {
            "version": "1.0.2",
            "resolved": "https://registry.npmjs.org/balanced-match/-/balanced-match-1.0.2.tgz",
            "integrity": "sha512-3oSeUO0TMV67hN1AmbXsK4yaqU7tjiHlbxRDZOpH0KW9+CeX4bRAaX0Anxt0tx2MrpRpWwQaPwIlISEJhYU5Pw==",
            "dev": true
        },
        "basic-auth": {
            "version": "1.1.0",
            "resolved": "https://registry.npmjs.org/basic-auth/-/basic-auth-1.1.0.tgz",
            "integrity": "sha1-RSIe5Cn37h5QNb4/UVM/HN/SmIQ="
        },
        "binary-extensions": {
            "version": "2.2.0",
            "resolved": "https://registry.npmjs.org/binary-extensions/-/binary-extensions-2.2.0.tgz",
            "integrity": "sha512-jDctJ/IVQbZoJykoeHbhXpOlNBqGNcwXJKJog42E5HDPUwQTSdjCHdihjj0DlnheQ7blbT6dHOafNAiS8ooQKA=="
        },
        "brace-expansion": {
            "version": "2.0.1",
            "resolved": "https://registry.npmjs.org/brace-expansion/-/brace-expansion-2.0.1.tgz",
            "integrity": "sha512-XnAIvQ8eM+kC6aULx6wuQiwVsnzsi9d3WxzV3FpWTGA19F621kwdbsAcFKXgKUHZWsy+mY6iL1sHTxWEFCytDA==",
            "dev": true,
            "requires": {
                "balanced-match": "^1.0.0"
            }
        },
        "braces": {
            "version": "3.0.2",
            "resolved": "https://registry.npmjs.org/braces/-/braces-3.0.2.tgz",
            "integrity": "sha512-b8um+L1RzM3WDSzvhm6gIz1yfTbBt6YTlcEKAvsmqCZZFw46z626lVj9j1yEPW33H5H+lBQpZMP1k8l+78Ha0A==",
            "requires": {
                "fill-range": "^7.0.1"
            }
        },
        "buffer-from": {
            "version": "1.1.2",
            "resolved": "https://registry.npmjs.org/buffer-from/-/buffer-from-1.1.2.tgz",
            "integrity": "sha512-E+XQCRwSbaaiChtv6k6Dwgc+bx+Bs6vuKJHHl5kox/BaKbhiXzqQOwK4cO22yElGp2OCmjwVhT3HmxgyPGnJfQ==",
            "dev": true
        },
        "call-bind": {
            "version": "1.0.2",
            "resolved": "https://registry.npmjs.org/call-bind/-/call-bind-1.0.2.tgz",
            "integrity": "sha512-7O+FbCihrB5WGbFYesctwmTKae6rOiIzmz1icreWJ+0aA7LJfuqhEso2T9ncpcFtzMQtzXf2QGGueWJGTYsqrA==",
            "requires": {
                "function-bind": "^1.1.1",
                "get-intrinsic": "^1.0.2"
            }
        },
        "chokidar": {
            "version": "3.5.2",
            "resolved": "https://registry.npmjs.org/chokidar/-/chokidar-3.5.2.tgz",
            "integrity": "sha512-ekGhOnNVPgT77r4K/U3GDhu+FQ2S8TnK/s2KbIGXi0SZWuwkZ2QNyfWdZW+TVfn84DpEP7rLeCt2UI6bJ8GwbQ==",
            "requires": {
                "anymatch": "~3.1.2",
                "braces": "~3.0.2",
                "fsevents": "~2.3.2",
                "glob-parent": "~5.1.2",
                "is-binary-path": "~2.1.0",
                "is-glob": "~4.0.1",
                "normalize-path": "~3.0.0",
                "readdirp": "~3.6.0"
            }
        },
        "colors": {
            "version": "1.4.0",
            "resolved": "https://registry.npmjs.org/colors/-/colors-1.4.0.tgz",
            "integrity": "sha512-a+UqTh4kgZg/SlGvfbzDHpgRu7AAQOmmqRHJnxhRZICKFUT91brVhNNt58CMWU9PsBbv3PDCZUHbVxuDiH2mtA=="
        },
        "commander": {
            "version": "2.20.3",
            "resolved": "https://registry.npmjs.org/commander/-/commander-2.20.3.tgz",
            "integrity": "sha512-GpVkmM8vF2vQUkj2LvZmD35JxeJOLCwJ9cUkugyk2nuhbv3+mJvpLYYt+0+USMxE+oj+ey/lJEnhZw75x/OMcQ=="
        },
        "commandpost": {
            "version": "1.4.0",
            "resolved": "https://registry.npmjs.org/commandpost/-/commandpost-1.4.0.tgz",
            "integrity": "sha512-aE2Y4MTFJ870NuB/+2z1cXBhSBBzRydVVjzhFC4gtenEhpnj15yu0qptWGJsO9YGrcPZ3ezX8AWb1VA391MKpQ=="
        },
        "corser": {
            "version": "2.0.1",
            "resolved": "https://registry.npmjs.org/corser/-/corser-2.0.1.tgz",
            "integrity": "sha1-jtolLsqrWEDc2XXOuQ2TcMgZ/4c="
        },
        "debug": {
            "version": "3.2.7",
            "resolved": "https://registry.npmjs.org/debug/-/debug-3.2.7.tgz",
            "integrity": "sha512-CFjzYYAi4ThfiQvizrFQevTTXHtnCqWfe7x1AhgEscTz6ZbLbfoLRLPugTQyBth6f8ZERVUSyWHFD/7Wu4t1XQ==",
            "requires": {
                "ms": "^2.1.1"
            }
        },
        "editorconfig": {
            "version": "0.15.3",
            "resolved": "https://registry.npmjs.org/editorconfig/-/editorconfig-0.15.3.tgz",
            "integrity": "sha512-M9wIMFx96vq0R4F+gRpY3o2exzb8hEj/n9S8unZtHSvYjibBp/iMufSzvmOcV/laG0ZtuTVGtiJggPOSW2r93g==",
            "requires": {
                "commander": "^2.19.0",
                "lru-cache": "^4.1.5",
                "semver": "^5.6.0",
                "sigmund": "^1.0.1"
            }
        },
        "esbuild": {
            "version": "0.14.50",
            "resolved": "https://registry.npmjs.org/esbuild/-/esbuild-0.14.50.tgz",
            "integrity": "sha512-SbC3k35Ih2IC6trhbMYW7hYeGdjPKf9atTKwBUHqMCYFZZ9z8zhuvfnZihsnJypl74FjiAKjBRqFkBkAd0rS/w==",
            "dev": true,
            "requires": {
                "esbuild-android-64": "0.14.50",
                "esbuild-android-arm64": "0.14.50",
                "esbuild-darwin-64": "0.14.50",
                "esbuild-darwin-arm64": "0.14.50",
                "esbuild-freebsd-64": "0.14.50",
                "esbuild-freebsd-arm64": "0.14.50",
                "esbuild-linux-32": "0.14.50",
                "esbuild-linux-64": "0.14.50",
                "esbuild-linux-arm": "0.14.50",
                "esbuild-linux-arm64": "0.14.50",
                "esbuild-linux-mips64le": "0.14.50",
                "esbuild-linux-ppc64le": "0.14.50",
                "esbuild-linux-riscv64": "0.14.50",
                "esbuild-linux-s390x": "0.14.50",
                "esbuild-netbsd-64": "0.14.50",
                "esbuild-openbsd-64": "0.14.50",
                "esbuild-sunos-64": "0.14.50",
                "esbuild-windows-32": "0.14.50",
                "esbuild-windows-64": "0.14.50",
                "esbuild-windows-arm64": "0.14.50"
            }
        },
        "esbuild-android-64": {
            "version": "0.14.50",
            "resolved": "https://registry.npmjs.org/esbuild-android-64/-/esbuild-android-64-0.14.50.tgz",
            "integrity": "sha512-H7iUEm7gUJHzidsBlFPGF6FTExazcgXL/46xxLo6i6bMtPim6ZmXyTccS8yOMpy6HAC6dPZ/JCQqrkkin69n6Q==",
            "dev": true,
            "optional": true
        },
        "esbuild-android-arm64": {
            "version": "0.14.50",
            "resolved": "https://registry.npmjs.org/esbuild-android-arm64/-/esbuild-android-arm64-0.14.50.tgz",
            "integrity": "sha512-NFaoqEwa+OYfoYVpQWDMdKII7wZZkAjtJFo1WdnBeCYlYikvUhTnf2aPwPu5qEAw/ie1NYK0yn3cafwP+kP+OQ==",
            "dev": true,
            "optional": true
        },
        "esbuild-darwin-64": {
            "version": "0.14.50",
            "resolved": "https://registry.npmjs.org/esbuild-darwin-64/-/esbuild-darwin-64-0.14.50.tgz",
            "integrity": "sha512-gDQsCvGnZiJv9cfdO48QqxkRV8oKAXgR2CGp7TdIpccwFdJMHf8hyIJhMW/05b/HJjET/26Us27Jx91BFfEVSA==",
            "dev": true,
            "optional": true
        },
        "esbuild-darwin-arm64": {
            "version": "0.14.50",
            "resolved": "https://registry.npmjs.org/esbuild-darwin-arm64/-/esbuild-darwin-arm64-0.14.50.tgz",
            "integrity": "sha512-36nNs5OjKIb/Q50Sgp8+rYW/PqirRiFN0NFc9hEvgPzNJxeJedktXwzfJSln4EcRFRh5Vz4IlqFRScp+aiBBzA==",
            "dev": true,
            "optional": true
        },
        "esbuild-freebsd-64": {
            "version": "0.14.50",
            "resolved": "https://registry.npmjs.org/esbuild-freebsd-64/-/esbuild-freebsd-64-0.14.50.tgz",
            "integrity": "sha512-/1pHHCUem8e/R86/uR+4v5diI2CtBdiWKiqGuPa9b/0x3Nwdh5AOH7lj+8823C6uX1e0ufwkSLkS+aFZiBCWxA==",
            "dev": true,
            "optional": true
        },
        "esbuild-freebsd-arm64": {
            "version": "0.14.50",
            "resolved": "https://registry.npmjs.org/esbuild-freebsd-arm64/-/esbuild-freebsd-arm64-0.14.50.tgz",
            "integrity": "sha512-iKwUVMQztnPZe5pUYHdMkRc9aSpvoV1mkuHlCoPtxZA3V+Kg/ptpzkcSY+fKd0kuom+l6Rc93k0UPVkP7xoqrw==",
            "dev": true,
            "optional": true
        },
        "esbuild-linux-32": {
            "version": "0.14.50",
            "resolved": "https://registry.npmjs.org/esbuild-linux-32/-/esbuild-linux-32-0.14.50.tgz",
            "integrity": "sha512-sWUwvf3uz7dFOpLzYuih+WQ7dRycrBWHCdoXJ4I4XdMxEHCECd8b7a9N9u7FzT6XR2gHPk9EzvchQUtiEMRwqw==",
            "dev": true,
            "optional": true
        },
        "esbuild-linux-64": {
            "version": "0.14.50",
            "resolved": "https://registry.npmjs.org/esbuild-linux-64/-/esbuild-linux-64-0.14.50.tgz",
            "integrity": "sha512-u0PQxPhaeI629t4Y3EEcQ0wmWG+tC/LpP2K7yDFvwuPq0jSQ8SIN+ARNYfRjGW15O2we3XJvklbGV0wRuUCPig==",
            "dev": true,
            "optional": true
        },
        "esbuild-linux-arm": {
            "version": "0.14.50",
            "resolved": "https://registry.npmjs.org/esbuild-linux-arm/-/esbuild-linux-arm-0.14.50.tgz",
            "integrity": "sha512-VALZq13bhmFJYFE/mLEb+9A0w5vo8z+YDVOWeaf9vOTrSC31RohRIwtxXBnVJ7YKLYfEMzcgFYf+OFln3Y0cWg==",
            "dev": true,
            "optional": true
        },
        "esbuild-linux-arm64": {
            "version": "0.14.50",
            "resolved": "https://registry.npmjs.org/esbuild-linux-arm64/-/esbuild-linux-arm64-0.14.50.tgz",
            "integrity": "sha512-ZyfoNgsTftD7Rp5S7La5auomKdNeB3Ck+kSKXC4pp96VnHyYGjHHXWIlcbH8i+efRn9brszo1/Thl1qn8RqmhQ==",
            "dev": true,
            "optional": true
        },
        "esbuild-linux-mips64le": {
            "version": "0.14.50",
            "resolved": "https://registry.npmjs.org/esbuild-linux-mips64le/-/esbuild-linux-mips64le-0.14.50.tgz",
            "integrity": "sha512-ygo31Vxn/WrmjKCHkBoutOlFG5yM9J2UhzHb0oWD9O61dGg+Hzjz9hjf5cmM7FBhAzdpOdEWHIrVOg2YAi6rTw==",
            "dev": true,
            "optional": true
        },
        "esbuild-linux-ppc64le": {
            "version": "0.14.50",
            "resolved": "https://registry.npmjs.org/esbuild-linux-ppc64le/-/esbuild-linux-ppc64le-0.14.50.tgz",
            "integrity": "sha512-xWCKU5UaiTUT6Wz/O7GKP9KWdfbsb7vhfgQzRfX4ahh5NZV4ozZ4+SdzYG8WxetsLy84UzLX3Pi++xpVn1OkFQ==",
            "dev": true,
            "optional": true
        },
        "esbuild-linux-riscv64": {
            "version": "0.14.50",
            "resolved": "https://registry.npmjs.org/esbuild-linux-riscv64/-/esbuild-linux-riscv64-0.14.50.tgz",
            "integrity": "sha512-0+dsneSEihZTopoO9B6Z6K4j3uI7EdxBP7YSF5rTwUgCID+wHD3vM1gGT0m+pjCW+NOacU9kH/WE9N686FHAJg==",
            "dev": true,
            "optional": true
        },
        "esbuild-linux-s390x": {
            "version": "0.14.50",
            "resolved": "https://registry.npmjs.org/esbuild-linux-s390x/-/esbuild-linux-s390x-0.14.50.tgz",
            "integrity": "sha512-tVjqcu8o0P9H4StwbIhL1sQYm5mWATlodKB6dpEZFkcyTI8kfIGWiWcrGmkNGH2i1kBUOsdlBafPxR3nzp3TDA==",
            "dev": true,
            "optional": true
        },
        "esbuild-netbsd-64": {
            "version": "0.14.50",
            "resolved": "https://registry.npmjs.org/esbuild-netbsd-64/-/esbuild-netbsd-64-0.14.50.tgz",
            "integrity": "sha512-0R/glfqAQ2q6MHDf7YJw/TulibugjizBxyPvZIcorH0Mb7vSimdHy0XF5uCba5CKt+r4wjax1mvO9lZ4jiAhEg==",
            "dev": true,
            "optional": true
        },
        "esbuild-openbsd-64": {
            "version": "0.14.50",
            "resolved": "https://registry.npmjs.org/esbuild-openbsd-64/-/esbuild-openbsd-64-0.14.50.tgz",
            "integrity": "sha512-7PAtmrR5mDOFubXIkuxYQ4bdNS6XCK8AIIHUiZxq1kL8cFIH5731jPcXQ4JNy/wbj1C9sZ8rzD8BIM80Tqk29w==",
            "dev": true,
            "optional": true
        },
        "esbuild-sunos-64": {
            "version": "0.14.50",
            "resolved": "https://registry.npmjs.org/esbuild-sunos-64/-/esbuild-sunos-64-0.14.50.tgz",
            "integrity": "sha512-gBxNY/wyptvD7PkHIYcq7se6SQEXcSC8Y7mE0FJB+CGgssEWf6vBPfTTZ2b6BWKnmaP6P6qb7s/KRIV5T2PxsQ==",
            "dev": true,
            "optional": true
        },
        "esbuild-windows-32": {
            "version": "0.14.50",
            "resolved": "https://registry.npmjs.org/esbuild-windows-32/-/esbuild-windows-32-0.14.50.tgz",
            "integrity": "sha512-MOOe6J9cqe/iW1qbIVYSAqzJFh0p2LBLhVUIWdMVnNUNjvg2/4QNX4oT4IzgDeldU+Bym9/Tn6+DxvUHJXL5Zw==",
            "dev": true,
            "optional": true
        },
        "esbuild-windows-64": {
            "version": "0.14.50",
            "resolved": "https://registry.npmjs.org/esbuild-windows-64/-/esbuild-windows-64-0.14.50.tgz",
            "integrity": "sha512-r/qE5Ex3w1jjGv/JlpPoWB365ldkppUlnizhMxJgojp907ZF1PgLTuW207kgzZcSCXyquL9qJkMsY+MRtaZ5yQ==",
            "dev": true,
            "optional": true
        },
        "esbuild-windows-arm64": {
            "version": "0.14.50",
            "resolved": "https://registry.npmjs.org/esbuild-windows-arm64/-/esbuild-windows-arm64-0.14.50.tgz",
            "integrity": "sha512-EMS4lQnsIe12ZyAinOINx7eq2mjpDdhGZZWDwPZE/yUTN9cnc2Ze/xUTYIAyaJqrqQda3LnDpADKpvLvol6ENQ==",
            "dev": true,
            "optional": true
        },
        "eventemitter3": {
            "version": "4.0.7",
            "resolved": "https://registry.npmjs.org/eventemitter3/-/eventemitter3-4.0.7.tgz",
            "integrity": "sha512-8guHBZCwKnFhYdHr2ysuRWErTwhoN2X8XELRlrRwpmfeY2jjuUN4taQMsULKUVo1K4DvZl+0pgfyoysHxvmvEw=="
        },
        "fill-range": {
            "version": "7.0.1",
            "resolved": "https://registry.npmjs.org/fill-range/-/fill-range-7.0.1.tgz",
            "integrity": "sha512-qOo9F+dMUmC2Lcb4BbVvnKJxTPjCm+RRpe4gDuGrzkL7mEVl/djYSu2OdQ2Pa302N4oqkSg9ir6jaLWJ2USVpQ==",
            "requires": {
                "to-regex-range": "^5.0.1"
            }
        },
        "follow-redirects": {
            "version": "1.14.9",
            "resolved": "https://registry.npmjs.org/follow-redirects/-/follow-redirects-1.14.9.tgz",
            "integrity": "sha512-MQDfihBQYMcyy5dhRDJUHcw7lb2Pv/TuE6xP1vyraLukNDHKbDxDNaOE3NbCAdKQApno+GPRyo1YAp89yCjK4w=="
        },
        "fs.realpath": {
            "version": "1.0.0",
            "resolved": "https://registry.npmjs.org/fs.realpath/-/fs.realpath-1.0.0.tgz",
            "integrity": "sha512-OO0pH2lK6a0hZnAdau5ItzHPI6pUlvI7jMVnxUQRtw4owF2wk8lOSabtGDCTP4Ggrg2MbGnWO9X8K1t4+fGMDw==",
            "dev": true
        },
        "fsevents": {
            "version": "2.3.2",
            "resolved": "https://registry.npmjs.org/fsevents/-/fsevents-2.3.2.tgz",
            "integrity": "sha512-xiqMQR4xAeHTuB9uWm+fFRcIOgKBMiOBP+eXiyT7jsgVCq1bkVygt00oASowB7EdtpOHaaPgKt812P9ab+DDKA==",
            "optional": true
        },
        "function-bind": {
            "version": "1.1.1",
            "resolved": "https://registry.npmjs.org/function-bind/-/function-bind-1.1.1.tgz",
            "integrity": "sha512-yIovAzMX49sF8Yl58fSCWJ5svSLuaibPxXQJFLmBObTuCr0Mf1KiPopGM9NiFjiYBCbfaa2Fh6breQ6ANVTI0A=="
        },
        "get-intrinsic": {
            "version": "1.1.1",
            "resolved": "https://registry.npmjs.org/get-intrinsic/-/get-intrinsic-1.1.1.tgz",
            "integrity": "sha512-kWZrnVM42QCiEA2Ig1bG8zjoIMOgxWwYCEeNdwY6Tv/cOSeGpcoX4pXHfKUxNKVoArnrEr2e9srnAxxGIraS9Q==",
            "requires": {
                "function-bind": "^1.1.1",
                "has": "^1.0.3",
                "has-symbols": "^1.0.1"
            }
        },
        "glob": {
            "version": "8.0.3",
            "resolved": "https://registry.npmjs.org/glob/-/glob-8.0.3.tgz",
            "integrity": "sha512-ull455NHSHI/Y1FqGaaYFaLGkNMMJbavMrEGFXG/PGrg6y7sutWHUHrz6gy6WEBH6akM1M414dWKCNs+IhKdiQ==",
            "dev": true,
            "requires": {
                "fs.realpath": "^1.0.0",
                "inflight": "^1.0.4",
                "inherits": "2",
                "minimatch": "^5.0.1",
                "once": "^1.3.0"
            }
        },
        "glob-parent": {
            "version": "5.1.2",
            "resolved": "https://registry.npmjs.org/glob-parent/-/glob-parent-5.1.2.tgz",
            "integrity": "sha512-AOIgSQCepiJYwP3ARnGx+5VnTu2HBYdzbGP45eLw1vr3zB3vZLeyed1sC9hnbcOc9/SrMyM5RPQrkGz4aS9Zow==",
            "requires": {
                "is-glob": "^4.0.1"
            }
        },
        "has": {
            "version": "1.0.3",
            "resolved": "https://registry.npmjs.org/has/-/has-1.0.3.tgz",
            "integrity": "sha512-f2dvO0VU6Oej7RkWJGrehjbzMAjFp5/VKPp5tTpWIV4JHHZK1/BxbFRtf/siA2SWTe09caDmVtYYzWEIbBS4zw==",
            "requires": {
                "function-bind": "^1.1.1"
            }
        },
        "has-symbols": {
            "version": "1.0.2",
            "resolved": "https://registry.npmjs.org/has-symbols/-/has-symbols-1.0.2.tgz",
            "integrity": "sha512-chXa79rL/UC2KlX17jo3vRGz0azaWEx5tGqZg5pO3NUyEJVB17dMruQlzCCOfUvElghKcm5194+BCRvi2Rv/Gw=="
        },
        "he": {
            "version": "1.2.0",
            "resolved": "https://registry.npmjs.org/he/-/he-1.2.0.tgz",
            "integrity": "sha512-F/1DnUGPopORZi0ni+CvrCgHQ5FyEAHRLSApuYWMmrbSwoN2Mn/7k+Gl38gJnR7yyDZk6WLXwiGod1JOWNDKGw=="
        },
        "http-proxy": {
            "version": "1.18.1",
            "resolved": "https://registry.npmjs.org/http-proxy/-/http-proxy-1.18.1.tgz",
            "integrity": "sha512-7mz/721AbnJwIVbnaSv1Cz3Am0ZLT/UBwkC92VlxhXv/k/BBQfM2fXElQNC27BVGr0uwUpplYPQM9LnaBMR5NQ==",
            "requires": {
                "eventemitter3": "^4.0.0",
                "follow-redirects": "^1.0.0",
                "requires-port": "^1.0.0"
            }
        },
        "http-server": {
            "version": "13.0.1",
            "resolved": "https://registry.npmjs.org/http-server/-/http-server-13.0.1.tgz",
            "integrity": "sha512-ke9rphoNuqsOCHy4tA3b3W4Yuxy7VUIXcTHSLz6bkMDAJPQD4twjEatquelJBIPwNhZuC3+FYj/+dSaGHdKTCw==",
            "requires": {
                "basic-auth": "^1.0.3",
                "colors": "^1.4.0",
                "corser": "^2.0.1",
                "he": "^1.1.0",
                "http-proxy": "^1.18.0",
                "mime": "^1.6.0",
                "minimist": "^1.2.5",
                "opener": "^1.5.1",
                "portfinder": "^1.0.25",
                "secure-compare": "3.0.1",
                "union": "~0.5.0",
                "url-join": "^2.0.5"
            }
        },
        "inflight": {
            "version": "1.0.6",
            "resolved": "https://registry.npmjs.org/inflight/-/inflight-1.0.6.tgz",
            "integrity": "sha512-k92I/b08q4wvFscXCLvqfsHCrjrF7yiXsQuIVvVE7N82W3+aqpzuUdBbfhWcy/FZR3/4IgflMgKLOsvPDrGCJA==",
            "dev": true,
            "requires": {
                "once": "^1.3.0",
                "wrappy": "1"
            }
        },
        "inherits": {
            "version": "2.0.4",
            "resolved": "https://registry.npmjs.org/inherits/-/inherits-2.0.4.tgz",
            "integrity": "sha512-k/vGaX4/Yla3WzyMCvTQOXYeIHvqOKtnqBduzTHpzpQZzAskKMhZ2K+EnBiSM9zGSoIFeMpXKxa4dYeZIQqewQ==",
            "dev": true
        },
        "is-binary-path": {
            "version": "2.1.0",
            "resolved": "https://registry.npmjs.org/is-binary-path/-/is-binary-path-2.1.0.tgz",
            "integrity": "sha512-ZMERYes6pDydyuGidse7OsHxtbI7WVeUEozgR/g7rd0xUimYNlvZRE/K2MgZTjWy725IfelLeVcEM97mmtRGXw==",
            "requires": {
                "binary-extensions": "^2.0.0"
            }
        },
        "is-core-module": {
            "version": "2.9.0",
            "resolved": "https://registry.npmjs.org/is-core-module/-/is-core-module-2.9.0.tgz",
            "integrity": "sha512-+5FPy5PnwmO3lvfMb0AsoPaBG+5KHUI0wYFXOtYPnVVVspTFUuMZNfNaNVRt3FZadstu2c8x23vykRW/NBoU6A==",
            "dev": true,
            "requires": {
                "has": "^1.0.3"
            }
        },
        "is-extglob": {
            "version": "2.1.1",
            "resolved": "https://registry.npmjs.org/is-extglob/-/is-extglob-2.1.1.tgz",
            "integrity": "sha1-qIwCU1eR8C7TfHahueqXc8gz+MI="
        },
        "is-glob": {
            "version": "4.0.1",
            "resolved": "https://registry.npmjs.org/is-glob/-/is-glob-4.0.1.tgz",
            "integrity": "sha512-5G0tKtBTFImOqDnLB2hG6Bp2qcKEFduo4tZu9MT/H6NQv/ghhy30o55ufafxJ/LdH79LLs2Kfrn85TLKyA7BUg==",
            "requires": {
                "is-extglob": "^2.1.1"
            }
        },
        "is-number": {
            "version": "7.0.0",
            "resolved": "https://registry.npmjs.org/is-number/-/is-number-7.0.0.tgz",
            "integrity": "sha512-41Cifkg6e8TylSpdtTpeLVMqvSBEVzTttHvERD741+pnZ8ANv0004MRL43QKPDlK9cGvNp6NZWZUBlbGXYxxng=="
        },
        "lodash": {
            "version": "4.17.21",
            "resolved": "https://registry.npmjs.org/lodash/-/lodash-4.17.21.tgz",
            "integrity": "sha512-v2kDEe57lecTulaDIuNTPy3Ry4gLGJ6Z1O3vE1krgXZNrsQ+LFTGHVxVjcXPs17LhbZVGedAJv8XZ1tvj5FvSg=="
        },
        "lru-cache": {
            "version": "4.1.5",
            "resolved": "https://registry.npmjs.org/lru-cache/-/lru-cache-4.1.5.tgz",
            "integrity": "sha512-sWZlbEP2OsHNkXrMl5GYk/jKk70MBng6UU4YI/qGDYbgf6YbP4EvmqISbXCoJiRKs+1bSpFHVgQxvJ17F2li5g==",
            "requires": {
                "pseudomap": "^1.0.2",
                "yallist": "^2.1.2"
            }
        },
        "mime": {
            "version": "1.6.0",
            "resolved": "https://registry.npmjs.org/mime/-/mime-1.6.0.tgz",
            "integrity": "sha512-x0Vn8spI+wuJ1O6S7gnbaQg8Pxh4NNHb7KSINmEWKiPE4RKOplvijn+NkmYmmRgP68mc70j2EbeTFRsrswaQeg=="
        },
        "minimatch": {
            "version": "5.1.0",
            "resolved": "https://registry.npmjs.org/minimatch/-/minimatch-5.1.0.tgz",
            "integrity": "sha512-9TPBGGak4nHfGZsPBohm9AWg6NoT7QTCehS3BIJABslyZbzxfV78QM2Y6+i741OPZIafFAaiiEMh5OyIrJPgtg==",
            "dev": true,
            "requires": {
                "brace-expansion": "^2.0.1"
            }
        },
        "minimist": {
            "version": "1.2.6",
            "resolved": "https://registry.npmjs.org/minimist/-/minimist-1.2.6.tgz",
            "integrity": "sha512-Jsjnk4bw3YJqYzbdyBiNsPWHPfO++UGG749Cxs6peCu5Xg4nrena6OVxOYxrQTqww0Jmwt+Ref8rggumkTLz9Q=="
        },
        "mkdirp": {
            "version": "0.5.5",
            "resolved": "https://registry.npmjs.org/mkdirp/-/mkdirp-0.5.5.tgz",
            "integrity": "sha512-NKmAlESf6jMGym1++R0Ra7wvhV+wFW63FaSOFPwRahvea0gMUcGUhVeAg/0BC0wiv9ih5NYPB1Wn1UEI1/L+xQ==",
            "requires": {
                "minimist": "^1.2.5"
            }
        },
        "ms": {
            "version": "2.1.3",
            "resolved": "https://registry.npmjs.org/ms/-/ms-2.1.3.tgz",
            "integrity": "sha512-6FlzubTLZG3J2a/NVCAleEhjzq5oxgHyaCU9yYXvcLsvoVaHJq/s5xXI6/XXP6tz7R9xAOtHnSO/tXtF3WRTlA=="
        },
        "nanoid": {
            "version": "3.3.4",
            "resolved": "https://registry.npmjs.org/nanoid/-/nanoid-3.3.4.tgz",
            "integrity": "sha512-MqBkQh/OHTS2egovRtLk45wEyNXwF+cokD+1YPf9u5VfJiRdAiRwB2froX5Co9Rh20xs4siNPm8naNotSD6RBw==",
            "dev": true
        },
        "normalize-path": {
            "version": "3.0.0",
            "resolved": "https://registry.npmjs.org/normalize-path/-/normalize-path-3.0.0.tgz",
            "integrity": "sha512-6eZs5Ls3WtCisHWp9S2GUy8dqkpGi4BVSz3GaqiE6ezub0512ESztXUwUB6C6IKbQkY2Pnb/mD4WYojCRwcwLA=="
        },
        "object-inspect": {
            "version": "1.11.0",
            "resolved": "https://registry.npmjs.org/object-inspect/-/object-inspect-1.11.0.tgz",
            "integrity": "sha512-jp7ikS6Sd3GxQfZJPyH3cjcbJF6GZPClgdV+EFygjFLQ5FmW/dRUnTd9PQ9k0JhoNDabWFbpF1yCdSWCC6gexg=="
        },
        "once": {
            "version": "1.4.0",
            "resolved": "https://registry.npmjs.org/once/-/once-1.4.0.tgz",
            "integrity": "sha512-lNaJgI+2Q5URQBkccEKHTQOPaXdUxnZZElQTZY0MFUAuaEqe1E+Nyvgdz/aIyNi6Z9MzO5dv1H8n58/GELp3+w==",
            "dev": true,
            "requires": {
                "wrappy": "1"
            }
        },
        "opener": {
            "version": "1.5.2",
            "resolved": "https://registry.npmjs.org/opener/-/opener-1.5.2.tgz",
            "integrity": "sha512-ur5UIdyw5Y7yEj9wLzhqXiy6GZ3Mwx0yGI+5sMn2r0N0v3cKJvUmFH5yPP+WXh9e0xfyzyJX95D8l088DNFj7A=="
        },
        "path-parse": {
            "version": "1.0.7",
            "resolved": "https://registry.npmjs.org/path-parse/-/path-parse-1.0.7.tgz",
            "integrity": "sha512-LDJzPVEEEPR+y48z93A0Ed0yXb8pAByGWo/k5YYdYgpY2/2EsOsksJrq7lOHxryrVOn1ejG6oAp8ahvOIQD8sw==",
            "dev": true
        },
        "picocolors": {
            "version": "1.0.0",
            "resolved": "https://registry.npmjs.org/picocolors/-/picocolors-1.0.0.tgz",
            "integrity": "sha512-1fygroTLlHu66zi26VoTDv8yRgm0Fccecssto+MhsZ0D/DGW2sm8E8AjW7NU5VVTRt5GxbeZ5qBuJr+HyLYkjQ==",
            "dev": true
        },
        "picomatch": {
            "version": "2.3.0",
            "resolved": "https://registry.npmjs.org/picomatch/-/picomatch-2.3.0.tgz",
            "integrity": "sha512-lY1Q/PiJGC2zOv/z391WOTD+Z02bCgsFfvxoXXf6h7kv9o+WmsmzYqrAwY63sNgOxE4xEdq0WyUnXfKeBrSvYw=="
        },
        "portfinder": {
            "version": "1.0.28",
            "resolved": "https://registry.npmjs.org/portfinder/-/portfinder-1.0.28.tgz",
            "integrity": "sha512-Se+2isanIcEqf2XMHjyUKskczxbPH7dQnlMjXX6+dybayyHvAf/TCgyMRlzf/B6QDhAEFOGes0pzRo3by4AbMA==",
            "requires": {
                "async": "^2.6.2",
                "debug": "^3.1.1",
                "mkdirp": "^0.5.5"
            }
        },
        "postcss": {
            "version": "8.4.14",
            "resolved": "https://registry.npmjs.org/postcss/-/postcss-8.4.14.tgz",
            "integrity": "sha512-E398TUmfAYFPBSdzgeieK2Y1+1cpdxJx8yXbK/m57nRhKSmk1GB2tO4lbLBtlkfPQTDKfe4Xqv1ASWPpayPEig==",
            "dev": true,
            "requires": {
                "nanoid": "^3.3.4",
                "picocolors": "^1.0.0",
                "source-map-js": "^1.0.2"
            }
        },
        "pseudomap": {
            "version": "1.0.2",
            "resolved": "https://registry.npmjs.org/pseudomap/-/pseudomap-1.0.2.tgz",
            "integrity": "sha1-8FKijacOYYkX7wqKw0wa5aaChrM="
        },
        "qs": {
            "version": "6.10.1",
            "resolved": "https://registry.npmjs.org/qs/-/qs-6.10.1.tgz",
            "integrity": "sha512-M528Hph6wsSVOBiYUnGf+K/7w0hNshs/duGsNXPUCLH5XAqjEtiPGwNONLV0tBH8NoGb0mvD5JubnUTrujKDTg==",
            "requires": {
                "side-channel": "^1.0.4"
            }
        },
        "readdirp": {
            "version": "3.6.0",
            "resolved": "https://registry.npmjs.org/readdirp/-/readdirp-3.6.0.tgz",
            "integrity": "sha512-hOS089on8RduqdbhvQ5Z37A0ESjsqz6qnRcffsMU3495FuTdqSm+7bhJ29JvIOsBDEEnan5DPu9t3To9VRlMzA==",
            "requires": {
                "picomatch": "^2.2.1"
            }
        },
        "requires-port": {
            "version": "1.0.0",
            "resolved": "https://registry.npmjs.org/requires-port/-/requires-port-1.0.0.tgz",
            "integrity": "sha1-kl0mAdOaxIXgkc8NpcbmlNw9yv8="
        },
        "resolve": {
            "version": "1.22.1",
            "resolved": "https://registry.npmjs.org/resolve/-/resolve-1.22.1.tgz",
            "integrity": "sha512-nBpuuYuY5jFsli/JIs1oldw6fOQCBioohqWZg/2hiaOybXOft4lonv85uDOKXdf8rhyK159cxU5cDcK/NKk8zw==",
            "dev": true,
            "requires": {
                "is-core-module": "^2.9.0",
                "path-parse": "^1.0.7",
                "supports-preserve-symlinks-flag": "^1.0.0"
            }
        },
        "rollup": {
            "version": "2.77.1",
            "resolved": "https://registry.npmjs.org/rollup/-/rollup-2.77.1.tgz",
            "integrity": "sha512-GhutNJrvTYD6s1moo+kyq7lD9DeR5HDyXo4bDFlDSkepC9kVKY+KK/NSZFzCmeXeia3kEzVuToQmHRdugyZHxw==",
            "dev": true,
            "requires": {
                "fsevents": "~2.3.2"
            }
        },
        "sass": {
            "version": "1.39.0",
            "resolved": "https://registry.npmjs.org/sass/-/sass-1.39.0.tgz",
            "integrity": "sha512-F4o+RhJkNOIG0b6QudYU8c78ZADKZjKDk5cyrf8XTKWfrgbtyVVXImFstJrc+1pkQDCggyidIOytq6gS4gCCZg==",
            "requires": {
                "chokidar": ">=3.0.0 <4.0.0"
            }
        },
        "secure-compare": {
            "version": "3.0.1",
            "resolved": "https://registry.npmjs.org/secure-compare/-/secure-compare-3.0.1.tgz",
            "integrity": "sha1-8aAymzCLIh+uN7mXTz1XjQypmeM="
        },
        "semver": {
            "version": "5.7.1",
            "resolved": "https://registry.npmjs.org/semver/-/semver-5.7.1.tgz",
            "integrity": "sha512-sauaDf/PZdVgrLTNYHRtpXa1iRiKcaebiKQ1BJdpQlWH2lCvexQdX55snPFyK7QzpudqbCI0qXFfOasHdyNDGQ=="
        },
        "side-channel": {
            "version": "1.0.4",
            "resolved": "https://registry.npmjs.org/side-channel/-/side-channel-1.0.4.tgz",
            "integrity": "sha512-q5XPytqFEIKHkGdiMIrY10mvLRvnQh42/+GoBlFW3b2LXLE2xxJpZFdm94we0BaoV3RwJyGqg5wS7epxTv0Zvw==",
            "requires": {
                "call-bind": "^1.0.0",
                "get-intrinsic": "^1.0.2",
                "object-inspect": "^1.9.0"
            }
        },
        "sigmund": {
            "version": "1.0.1",
            "resolved": "https://registry.npmjs.org/sigmund/-/sigmund-1.0.1.tgz",
            "integrity": "sha1-P/IfGYytIXX587eBhT/ZTQ0ZtZA="
        },
        "source-map": {
            "version": "0.6.1",
            "resolved": "https://registry.npmjs.org/source-map/-/source-map-0.6.1.tgz",
            "integrity": "sha512-UjgapumWlbMhkBgzT7Ykc5YXUT46F0iKu8SGXq0bcwP5dz/h0Plj6enJqjz1Zbq2l5WaqYnrVbwWOWMyF3F47g==",
            "dev": true
        },
        "source-map-js": {
            "version": "1.0.2",
            "resolved": "https://registry.npmjs.org/source-map-js/-/source-map-js-1.0.2.tgz",
            "integrity": "sha512-R0XvVJ9WusLiqTCEiGCmICCMplcCkIwwR11mOSD9CR5u+IXYdiseeEuXCVAjS54zqwkLcPNnmU4OeJ6tUrWhDw==",
            "dev": true
        },
        "source-map-support": {
            "version": "0.5.21",
            "resolved": "https://registry.npmjs.org/source-map-support/-/source-map-support-0.5.21.tgz",
            "integrity": "sha512-uBHU3L3czsIyYXKX88fdrGovxdSCoTGDRZ6SYXtSRxLZUzHg5P/66Ht6uoUlHu9EZod+inXhKo3qQgwXUT/y1w==",
            "dev": true,
            "requires": {
                "buffer-from": "^1.0.0",
                "source-map": "^0.6.0"
            }
        },
        "supports-preserve-symlinks-flag": {
            "version": "1.0.0",
            "resolved": "https://registry.npmjs.org/supports-preserve-symlinks-flag/-/supports-preserve-symlinks-flag-1.0.0.tgz",
            "integrity": "sha512-ot0WnXS9fgdkgIcePe6RHNk1WA8+muPa6cSjeR3V8K27q9BB1rTE3R1p7Hv0z1ZyAc8s6Vvv8DIyWf681MAt0w==",
            "dev": true
        },
        "terser": {
            "version": "5.14.2",
            "resolved": "https://registry.npmjs.org/terser/-/terser-5.14.2.tgz",
            "integrity": "sha512-oL0rGeM/WFQCUd0y2QrWxYnq7tfSuKBiqTjRPWrRgB46WD/kiwHwF8T23z78H6Q6kGCuuHcPB+KULHRdxvVGQA==",
            "dev": true,
            "requires": {
                "@jridgewell/source-map": "^0.3.2",
                "acorn": "^8.5.0",
                "commander": "^2.20.0",
                "source-map-support": "~0.5.20"
            }
        },
        "to-regex-range": {
            "version": "5.0.1",
            "resolved": "https://registry.npmjs.org/to-regex-range/-/to-regex-range-5.0.1.tgz",
            "integrity": "sha512-65P7iz6X5yEr1cwcgvQxbbIw7Uk3gOy5dIdtZ4rDveLqhrdJP+Li/Hx6tyK0NEb+2GCyneCMJiGqrADCSNk8sQ==",
            "requires": {
                "is-number": "^7.0.0"
            }
        },
        "typescript": {
            "version": "4.3.5",
            "resolved": "https://registry.npmjs.org/typescript/-/typescript-4.3.5.tgz",
            "integrity": "sha512-DqQgihaQ9cUrskJo9kIyW/+g0Vxsk8cDtZ52a3NGh0YNTfpUSArXSohyUGnvbPazEPLu398C0UxmKSOrPumUzA=="
        },
        "typescript-formatter": {
            "version": "7.2.2",
            "resolved": "https://registry.npmjs.org/typescript-formatter/-/typescript-formatter-7.2.2.tgz",
            "integrity": "sha512-V7vfI9XArVhriOTYHPzMU2WUnm5IMdu9X/CPxs8mIMGxmTBFpDABlbkBka64PZJ9/xgQeRpK8KzzAG4MPzxBDQ==",
            "requires": {
                "commandpost": "^1.0.0",
                "editorconfig": "^0.15.0"
            }
        },
        "union": {
            "version": "0.5.0",
            "resolved": "https://registry.npmjs.org/union/-/union-0.5.0.tgz",
            "integrity": "sha512-N6uOhuW6zO95P3Mel2I2zMsbsanvvtgn6jVqJv4vbVcz/JN0OkL9suomjQGmWtxJQXOCqUJvquc1sMeNz/IwlA==",
            "requires": {
                "qs": "^6.4.0"
            }
        },
        "url-join": {
            "version": "2.0.5",
            "resolved": "https://registry.npmjs.org/url-join/-/url-join-2.0.5.tgz",
            "integrity": "sha1-WvIvGMBSoACkjXuCxenC4v7tpyg="
        },
        "vite": {
            "version": "3.0.3",
            "resolved": "https://registry.npmjs.org/vite/-/vite-3.0.3.tgz",
            "integrity": "sha512-sDIpIcl3mv1NUaSzZwiXGEy1ZoWwwC2vkxUHY6yiDacR6zf//ZFuBJrozO62gedpE43pmxnLATNR5IYUdAEkMQ==",
            "dev": true,
            "requires": {
                "esbuild": "^0.14.47",
                "fsevents": "~2.3.2",
                "postcss": "^8.4.14",
                "resolve": "^1.22.1",
                "rollup": "^2.75.6"
            }
        },
        "wrappy": {
            "version": "1.0.2",
            "resolved": "https://registry.npmjs.org/wrappy/-/wrappy-1.0.2.tgz",
            "integrity": "sha512-l4Sp/DRseor9wL6EvV2+TuQn63dMkPjZ/sp9XkghTEbV9KlPS1xUsZ3u7/IQO4wxtcFB4bgpQPRcR3QCvezPcQ==",
            "dev": true
        },
        "yallist": {
            "version": "2.1.2",
            "resolved": "https://registry.npmjs.org/yallist/-/yallist-2.1.2.tgz",
            "integrity": "sha1-HBH5IY8HYImkfdUS+TxmmaaoHVI="
        }
    }
}
